
Microsoft Visual Studio Solution File, Format Version 12.00
# Visual Studio Version 16
VisualStudioVersion = 16.0.31624.102
MinimumVisualStudioVersion = 10.0.40219.1
Project("{FAE04EC0-301F-11D3-BF4B-00C04F79EFBC}") = "ColorSeparator", "ColorSeparator.csproj", "{DFF83E04-6077-40DE-86F0-DB659ED241A1}"
EndProject
Global
	GlobalSection(SolutionConfigurationPlatforms) = preSolution
		Debug|Any CPU = Debug|Any CPU
		Release|Any CPU = Release|Any CPU
	EndGlobalSection
	GlobalSection(ProjectConfigurationPlatforms) = postSolution
		{DFF83E04-6077-40DE-86F0-DB659ED241A1}.Debug|Any CPU.ActiveCfg = Debug|Any CPU
		{DFF83E04-6077-40DE-86F0-DB659ED241A1}.Debug|Any CPU.Build.0 = Debug|Any CPU
		{DFF83E04-6077-40DE-86F0-DB659ED241A1}.Release|Any CPU.ActiveCfg = Release|Any CPU
		{DFF83E04-6077-40DE-86F0-DB659ED241A1}.Release|Any CPU.Build.0 = Release|Any CPU
	EndGlobalSection
	GlobalSection(SolutionProperties) = preSolution
		HideSolutionNode = FALSE
	EndGlobalSection
	GlobalSection(ExtensibilityGlobals) = postSolution
		SolutionGuid = {D6A8DF06-3B64-48A6-BD86-8118FBD98C9C}
	EndGlobalSection
EndGlobal
